<?xml version="1.0" encoding="utf-8"?>
<Project ToolsVersion="4.0" xmlns="http://schemas.microsoft.com/developer/msbuild/2003">
  <ItemGroup>
    <Filter Include="Исходные файлы">
      <UniqueIdentifier>{4FC737F1-C7A5-4376-A066-2A32D752A2FF}</UniqueIdentifier>
      <Extensions>cpp;c;cc;cxx;c++;cppm;ixx;def;odl;idl;hpj;bat;asm;asmx</Extensions>
    </Filter>
    <Filter Include="Файлы заголовков">
      <UniqueIdentifier>{93995380-89BD-4b04-88EB-625FBE52EBFB}</UniqueIdentifier>
      <Extensions>h;hh;hpp;hxx;h++;hm;inl;inc;ipp;xsd</Extensions>
    </Filter>
    <Filter Include="Файлы ресурсов">
      <UniqueIdentifier>{67DA6AB6-F800-4c08-8B7A-83BB121AAD01}</UniqueIdentifier>
      <Extensions>rc;ico;cur;bmp;dlg;rc2;rct;bin;rgs;gif;jpg;jpeg;jpe;resx;tiff;tif;png;wav;mfcribbon-ms</Extensions>
    </Filter>
  </ItemGroup>
  <ItemGroup>
    <ClCompile Include="Features\Blacklist\blacklist.cpp">
      <Filter>Исходные файлы</Filter>
    </ClCompile>
    <ClCompile Include="Features\ESP\esp.cpp">
      <Filter>Исходные файлы</Filter>
    </ClCompile>
    <ClCompile Include="Features\Explosives\explosives.cpp">
      <Filter>Исходные файлы</Filter>
    </ClCompile>
    <ClCompile Include="Features\Jet Speed\jetspeed.cpp">
      <Filter>Исходные файлы</Filter>
    </ClCompile>
    <ClCompile Include="Features\Minimap\minimap.cpp">
      <Filter>Исходные файлы</Filter>
    </ClCompile>
    <ClCompile Include="Features\Spectator List\spectators.cpp">
      <Filter>Исходные файлы</Filter>
    </ClCompile>
    <ClCompile Include="Features\main.cpp">
      <Filter>Исходные файлы</Filter>
    </ClCompile>
    <ClCompile Include="Hooks\hooks.cpp">
      <Filter>Исходные файлы</Filter>
    </ClCompile>
    <ClCompile Include="ImGui\imgui.cpp">
      <Filter>Исходные файлы</Filter>
    </ClCompile>
    <ClCompile Include="ImGui\imgui_demo.cpp">
      <Filter>Исходные файлы</Filter>
    </ClCompile>
    <ClCompile Include="ImGui\imgui_draw.cpp">
      <Filter>Исходные файлы</Filter>
    </ClCompile>
    <ClCompile Include="ImGui\imgui_impl_dx9.cpp">
      <Filter>Исходные файлы</Filter>
    </ClCompile>
    <ClCompile Include="ImGui\imgui_impl_dx11.cpp">
      <Filter>Исходные файлы</Filter>
    </ClCompile>
    <ClCompile Include="ImGui\imgui_impl_win32.cpp">
      <Filter>Исходные файлы</Filter>
    </ClCompile>
    <ClCompile Include="ImGui\imgui_widgets.cpp">
      <Filter>Исходные файлы</Filter>
    </ClCompile>
    <ClCompile Include="MinHook\hde\hde32.c">
      <Filter>Исходные файлы</Filter>
    </ClCompile>
    <ClCompile Include="MinHook\hde\hde64.c">
      <Filter>Исходные файлы</Filter>
    </ClCompile>
    <ClCompile Include="MinHook\buffer.c">
      <Filter>Исходные файлы</Filter>
    </ClCompile>
    <ClCompile Include="MinHook\hook.c">
      <Filter>Исходные файлы</Filter>
    </ClCompile>
    <ClCompile Include="MinHook\trampoline.c">
      <Filter>Исходные файлы</Filter>
    </ClCompile>
    <ClCompile Include="Rendering\draw-list.cpp">
      <Filter>Исходные файлы</Filter>
    </ClCompile>
    <ClCompile Include="SDK\sdk.cpp">
      <Filter>Исходные файлы</Filter>
    </ClCompile>
    <ClCompile Include="SDK\type_info.cpp">
      <Filter>Исходные файлы</Filter>
    </ClCompile>
    <ClCompile Include="Utilities\vtablehook.cpp">
      <Filter>Исходные файлы</Filter>
    </ClCompile>
    <ClCompile Include="Utilities\w2s.cpp">
      <Filter>Исходные файлы</Filter>
    </ClCompile>
    <ClCompile Include="entry.cpp">
      <Filter>Исходные файлы</Filter>
    </ClCompile>
    <ClCompile Include="Utilities\other.cpp">
      <Filter>Исходные файлы</Filter>
    </ClCompile>
    <ClCompile Include="common.cpp">
      <Filter>Исходные файлы</Filter>
    </ClCompile>
    <ClCompile Include="Utilities\g3log\crashhandler_windows.cpp">
      <Filter>Исходные файлы</Filter>
    </ClCompile>
    <ClCompile Include="Utilities\g3log\filesink.cpp">
      <Filter>Исходные файлы</Filter>
    </ClCompile>
    <ClCompile Include="Utilities\g3log\g3log.cpp">
      <Filter>Исходные файлы</Filter>
    </ClCompile>
    <ClCompile Include="Utilities\g3log\logcapture.cpp">
      <Filter>Исходные файлы</Filter>
    </ClCompile>
    <ClCompile Include="Utilities\g3log\loglevels.cpp">
      <Filter>Исходные файлы</Filter>
    </ClCompile>
    <ClCompile Include="Utilities\g3log\logmessage.cpp">
      <Filter>Исходные файлы</Filter>
    </ClCompile>
    <ClCompile Include="Utilities\g3log\logworker.cpp">
      <Filter>Исходные файлы</Filter>
    </ClCompile>
    <ClCompile Include="Utilities\g3log\stacktrace_windows.cpp">
      <Filter>Исходные файлы</Filter>
    </ClCompile>
    <ClCompile Include="Utilities\g3log\time.cpp">
      <Filter>Исходные файлы</Filter>
    </ClCompile>
    <ClCompile Include="Rendering\renderer.cpp">
      <Filter>Исходные файлы</Filter>
    </ClCompile>
    <ClCompile Include="Rendering\gui.cpp">
      <Filter>Исходные файлы</Filter>
    </ClCompile>
    <ClCompile Include="Utilities\path.cpp">
      <Filter>Исходные файлы</Filter>
    </ClCompile>
    <ClCompile Include="Utilities\thread_pool.cpp">
      <Filter>Исходные файлы</Filter>
    </ClCompile>
    <ClCompile Include="Features\Aimbot\aimbot.cpp">
      <Filter>Исходные файлы</Filter>
    </ClCompile>
    <ClCompile Include="Utilities\math.cpp">
      <Filter>Исходные файлы</Filter>
    </ClCompile>
    <ClCompile Include="Features\Overheat\overheat.cpp">
      <Filter>Исходные файлы</Filter>
    </ClCompile>
    <ClCompile Include="Features\Infantry Alert\infantry_alert.cpp">
      <Filter>Исходные файлы</Filter>
    </ClCompile>
    <ClCompile Include="Features\Radar\radar.cpp">
      <Filter>Исходные файлы</Filter>
    </ClCompile>
    <ClCompile Include="SDK\class_info.cpp">
      <Filter>Исходные файлы</Filter>
    </ClCompile>
    <ClCompile Include="Features\Missiles\missiles.cpp">
      <Filter>Исходные файлы</Filter>
    </ClCompile>
    <ClCompile Include="Utilities\poly_solver.cpp">
      <Filter>Исходные файлы</Filter>
    </ClCompile>
    <ClCompile Include="Features\Risky\risky.cpp">
      <Filter>Исходные файлы</Filter>
    </ClCompile>
    <ClCompile Include="Features\Crosshair\crosshair.cpp">
      <Filter>Исходные файлы</Filter>
    </ClCompile>
    <ClCompile Include="Features\Screenshots\screenshots.cpp">
      <Filter>Исходные файлы</Filter>
    </ClCompile>
    <ClCompile Include="Features\Health Bar\health_bar.cpp">
      <Filter>Исходные файлы</Filter>
    </ClCompile>
    <ClCompile Include="Features\Anti AFK\anti_afk.cpp">
      <Filter>Исходные файлы</Filter>
    </ClCompile>
    <ClCompile Include="Features\Name Spoofer\name_spoofer.cpp">
      <Filter>Исходные файлы</Filter>
    </ClCompile>
    <ClCompile Include="Features\Kill Sound\kill_sound.cpp">
      <Filter>Исходные файлы</Filter>
    </ClCompile>
    <ClCompile Include="Features\Refresh Hook\refresh_hook.cpp">
      <Filter>Исходные файлы</Filter>
    </ClCompile>
    <ClCompile Include="Features\Rainbow Mode\rainbow_mode.cpp">
      <Filter>Исходные файлы</Filter>
    </ClCompile>
  </ItemGroup>
  <ItemGroup>
    <ClInclude Include="Features\ESP\esp.h">
      <Filter>Файлы заголовков</Filter>
    </ClInclude>
    <ClInclude Include="Features\Explosives\explosives.h">
      <Filter>Файлы заголовков</Filter>
    </ClInclude>
    <ClInclude Include="Features\Jet Speed\jetspeed.h">
      <Filter>Файлы заголовков</Filter>
    </ClInclude>
    <ClInclude Include="Features\Minimap\minimap.h">
      <Filter>Файлы заголовков</Filter>
    </ClInclude>
    <ClInclude Include="Features\Spectator List\spectators.h">
      <Filter>Файлы заголовков</Filter>
    </ClInclude>
    <ClInclude Include="Features\main.h">
      <Filter>Файлы заголовков</Filter>
    </ClInclude>
    <ClInclude Include="Hooks\hooks.h">
      <Filter>Файлы заголовков</Filter>
    </ClInclude>
    <ClInclude Include="ImGui\imconfig.h">
      <Filter>Файлы заголовков</Filter>
    </ClInclude>
    <ClInclude Include="ImGui\imgui.h">
      <Filter>Файлы заголовков</Filter>
    </ClInclude>
    <ClInclude Include="ImGui\imgui_impl_dx9.h">
      <Filter>Файлы заголовков</Filter>
    </ClInclude>
    <ClInclude Include="ImGui\imgui_impl_dx11.h">
      <Filter>Файлы заголовков</Filter>
    </ClInclude>
    <ClInclude Include="ImGui\imgui_impl_win32.h">
      <Filter>Файлы заголовков</Filter>
    </ClInclude>
    <ClInclude Include="ImGui\imgui_internal.h">
      <Filter>Файлы заголовков</Filter>
    </ClInclude>
    <ClInclude Include="ImGui\imstb_rectpack.h">
      <Filter>Файлы заголовков</Filter>
    </ClInclude>
    <ClInclude Include="ImGui\imstb_textedit.h">
      <Filter>Файлы заголовков</Filter>
    </ClInclude>
    <ClInclude Include="ImGui\imstb_truetype.h">
      <Filter>Файлы заголовков</Filter>
    </ClInclude>
    <ClInclude Include="MinHook\hde\hde32.h">
      <Filter>Файлы заголовков</Filter>
    </ClInclude>
    <ClInclude Include="MinHook\hde\hde64.h">
      <Filter>Файлы заголовков</Filter>
    </ClInclude>
    <ClInclude Include="MinHook\hde\pstdint.h">
      <Filter>Файлы заголовков</Filter>
    </ClInclude>
    <ClInclude Include="MinHook\hde\table32.h">
      <Filter>Файлы заголовков</Filter>
    </ClInclude>
    <ClInclude Include="MinHook\hde\table64.h">
      <Filter>Файлы заголовков</Filter>
    </ClInclude>
    <ClInclude Include="MinHook\buffer.h">
      <Filter>Файлы заголовков</Filter>
    </ClInclude>
    <ClInclude Include="MinHook\trampoline.h">
      <Filter>Файлы заголовков</Filter>
    </ClInclude>
    <ClInclude Include="Rendering\draw-list.h">
      <Filter>Файлы заголовков</Filter>
    </ClInclude>
    <ClInclude Include="SDK\sdk.h">
      <Filter>Файлы заголовков</Filter>
    </ClInclude>
    <ClInclude Include="SDK\type_info.h">
      <Filter>Файлы заголовков</Filter>
    </ClInclude>
    <ClInclude Include="Utilities\vtablehook.h">
      <Filter>Файлы заголовков</Filter>
    </ClInclude>
    <ClInclude Include="Utilities\w2s.h">
      <Filter>Файлы заголовков</Filter>
    </ClInclude>
    <ClInclude Include="Utilities\xorstr.h">
      <Filter>Файлы заголовков</Filter>
    </ClInclude>
    <ClInclude Include="global.h">
      <Filter>Файлы заголовков</Filter>
    </ClInclude>
    <ClInclude Include="MinHook.h">
      <Filter>Файлы заголовков</Filter>
    </ClInclude>
    <ClInclude Include="Utilities\other.h">
      <Filter>Файлы заголовков</Filter>
    </ClInclude>
    <ClInclude Include="settings.h">
      <Filter>Файлы заголовков</Filter>
    </ClInclude>
    <ClInclude Include="logger.h">
      <Filter>Файлы заголовков</Filter>
    </ClInclude>
    <ClInclude Include="common.h">
      <Filter>Файлы заголовков</Filter>
    </ClInclude>
    <ClInclude Include="Utilities\g3log\g3log\active.hpp">
      <Filter>Файлы заголовков</Filter>
    </ClInclude>
    <ClInclude Include="Utilities\g3log\g3log\atomicbool.hpp">
      <Filter>Файлы заголовков</Filter>
    </ClInclude>
    <ClInclude Include="Utilities\g3log\g3log\crashhandler.hpp">
      <Filter>Файлы заголовков</Filter>
    </ClInclude>
    <ClInclude Include="Utilities\g3log\g3log\filesink.hpp">
      <Filter>Файлы заголовков</Filter>
    </ClInclude>
    <ClInclude Include="Utilities\g3log\g3log\future.hpp">
      <Filter>Файлы заголовков</Filter>
    </ClInclude>
    <ClInclude Include="Utilities\g3log\g3log\g3log.hpp">
      <Filter>Файлы заголовков</Filter>
    </ClInclude>
    <ClInclude Include="Utilities\g3log\g3log\logcapture.hpp">
      <Filter>Файлы заголовков</Filter>
    </ClInclude>
    <ClInclude Include="Utilities\g3log\g3log\loglevels.hpp">
      <Filter>Файлы заголовков</Filter>
    </ClInclude>
    <ClInclude Include="Utilities\g3log\g3log\logmessage.hpp">
      <Filter>Файлы заголовков</Filter>
    </ClInclude>
    <ClInclude Include="Utilities\g3log\g3log\logworker.hpp">
      <Filter>Файлы заголовков</Filter>
    </ClInclude>
    <ClInclude Include="Utilities\g3log\g3log\moveoncopy.hpp">
      <Filter>Файлы заголовков</Filter>
    </ClInclude>
    <ClInclude Include="Utilities\g3log\g3log\shared_queue.hpp">
      <Filter>Файлы заголовков</Filter>
    </ClInclude>
    <ClInclude Include="Utilities\g3log\g3log\sink.hpp">
      <Filter>Файлы заголовков</Filter>
    </ClInclude>
    <ClInclude Include="Utilities\g3log\g3log\sinkhandle.hpp">
      <Filter>Файлы заголовков</Filter>
    </ClInclude>
    <ClInclude Include="Utilities\g3log\g3log\sinkwrapper.hpp">
      <Filter>Файлы заголовков</Filter>
    </ClInclude>
    <ClInclude Include="Utilities\g3log\g3log\stacktrace_windows.hpp">
      <Filter>Файлы заголовков</Filter>
    </ClInclude>
    <ClInclude Include="Utilities\g3log\g3log\stlpatch_future.hpp">
      <Filter>Файлы заголовков</Filter>
    </ClInclude>
    <ClInclude Include="Utilities\g3log\g3log\time.hpp">
      <Filter>Файлы заголовков</Filter>
    </ClInclude>
    <ClInclude Include="Utilities\g3log\filesinkhelper.ipp">
      <Filter>Файлы заголовков</Filter>
    </ClInclude>
    <ClInclude Include="Utilities\g3log\g2log.hpp">
      <Filter>Файлы заголовков</Filter>
    </ClInclude>
    <ClInclude Include="Utilities\g3log\g3log\generated_definitions.hpp">
      <Filter>Файлы заголовков</Filter>
    </ClInclude>
    <ClInclude Include="Rendering\renderer.h">
      <Filter>Файлы заголовков</Filter>
    </ClInclude>
    <ClInclude Include="Rendering\gui.h">
      <Filter>Файлы заголовков</Filter>
    </ClInclude>
    <ClInclude Include="Features\Blacklist\blacklist.h">
      <Filter>Файлы заголовков</Filter>
    </ClInclude>
    <ClInclude Include="Utilities\path.h">
      <Filter>Файлы заголовков</Filter>
    </ClInclude>
    <ClInclude Include="Utilities\thread_pool.h">
      <Filter>Файлы заголовков</Filter>
    </ClInclude>
    <ClInclude Include="Features\Aimbot\aimbot.h">
      <Filter>Файлы заголовков</Filter>
    </ClInclude>
    <ClInclude Include="Utilities\math.h">
      <Filter>Файлы заголовков</Filter>
    </ClInclude>
    <ClInclude Include="Rendering\bone_manager.h">
      <Filter>Файлы заголовков</Filter>
    </ClInclude>
    <ClInclude Include="Features\Overheat\overheat.h">
      <Filter>Файлы заголовков</Filter>
    </ClInclude>
    <ClInclude Include="Features\Infantry Alert\infantry_alert.h">
      <Filter>Файлы заголовков</Filter>
    </ClInclude>
    <ClInclude Include="Features\Radar\radar.h">
      <Filter>Файлы заголовков</Filter>
    </ClInclude>
    <ClInclude Include="SDK\class_info.h">
      <Filter>Файлы заголовков</Filter>
    </ClInclude>
    <ClInclude Include="Features\Missiles\missiles.h">
      <Filter>Файлы заголовков</Filter>
    </ClInclude>
    <ClInclude Include="Utilities\poly_solver.h">
      <Filter>Файлы заголовков</Filter>
    </ClInclude>
    <ClInclude Include="Features\Risky\risky.h">
      <Filter>Файлы заголовков</Filter>
    </ClInclude>
    <ClInclude Include="Features\Crosshair\crosshair.h">
      <Filter>Файлы заголовков</Filter>
    </ClInclude>
    <ClInclude Include="Rendering\font.h">
      <Filter>Файлы заголовков</Filter>
    </ClInclude>
    <ClInclude Include="Features\Screenshots\screenshots.h">
      <Filter>Файлы заголовков</Filter>
    </ClInclude>
    <ClInclude Include="Features\Health Bar\health_bar.h">
      <Filter>Файлы заголовков</Filter>
    </ClInclude>
    <ClInclude Include="Features\Anti AFK\anti_afk.h">
      <Filter>Файлы заголовков</Filter>
    </ClInclude>
    <ClInclude Include="Rendering\nicknames.h">
      <Filter>Файлы заголовков</Filter>
    </ClInclude>
    <ClInclude Include="Features\Name Spoofer\name_spoofer.h">
      <Filter>Файлы заголовков</Filter>
    </ClInclude>
    <ClInclude Include="Features\Kill Sound\kill_sound.h">
      <Filter>Файлы заголовков</Filter>
    </ClInclude>
    <ClInclude Include="Features\Refresh Hook\refresh_hook.h">
      <Filter>Файлы заголовков</Filter>
    </ClInclude>
    <ClInclude Include="Features\Rainbow Mode\rainbow_mode.h">
      <Filter>Файлы заголовков</Filter>
    </ClInclude>
  </ItemGroup>
  <ItemGroup>
    <None Include="packages.config" />
  </ItemGroup>
</Project>